{
  "requires": true,
  "lockfileVersion": 1,
  "dependencies": {
    "ambi": {
      "version": "3.2.0",
      "resolved": "https://registry.npmjs.org/ambi/-/ambi-3.2.0.tgz",
      "integrity": "sha512-nj5sHLPFd7u2OLmHdFs4DHt3gK6edpNw35hTRIKyI/Vd2Th5e4io50rw1lhmCdUNO2Mm4/4FkHmv6shEANAWcw==",
      "requires": {
        "editions": "^2.1.0",
        "typechecker": "^4.3.0"
      },
      "dependencies": {
        "typechecker": {
          "version": "4.11.0",
          "resolved": "https://registry.npmjs.org/typechecker/-/typechecker-4.11.0.tgz",
          "integrity": "sha512-lz39Mc/d1UBcF/uQFL5P8L+oWdIn/stvkUgHf0tPRW4aEwGGErewNXo2Nb6We2WslWifn00rhcHbbRWRcTGhuw==",
          "requires": {
            "editions": "^2.2.0"
          }
        }
      }
    },
    "anymatch": {
      "version": "3.1.1",
      "resolved": "https://registry.npmjs.org/anymatch/-/anymatch-3.1.1.tgz",
      "integrity": "sha512-mM8522psRCqzV+6LhomX5wgp25YVibjh8Wj23I5RPkPppSVSjyKD2A2mBJmWGa+KN7f2D6LNh9jkBCeyLktzjg==",
      "requires": {
        "normalize-path": "^3.0.0",
        "picomatch": "^2.0.4"
      }
    },
    "binary-extensions": {
      "version": "2.0.0",
      "resolved": "https://registry.npmjs.org/binary-extensions/-/binary-extensions-2.0.0.tgz",
      "integrity": "sha512-Phlt0plgpIIBOGTT/ehfFnbNlfsDEiqmzE2KRXoX1bLIlir4X/MR+zSyBEkL05ffWgnRSf/DXv+WrUAVr93/ow=="
    },
    "braces": {
      "version": "3.0.2",
      "resolved": "https://registry.npmjs.org/braces/-/braces-3.0.2.tgz",
      "integrity": "sha512-b8um+L1RzM3WDSzvhm6gIz1yfTbBt6YTlcEKAvsmqCZZFw46z626lVj9j1yEPW33H5H+lBQpZMP1k8l+78Ha0A==",
      "requires": {
        "fill-range": "^7.0.1"
      }
    },
    "eachr": {
      "version": "4.5.0",
      "resolved": "https://registry.npmjs.org/eachr/-/eachr-4.5.0.tgz",
      "integrity": "sha512-9I664RWp6p8jvcHZIwo7bWaiSaUmA1wNSLKwNZEiaYjqiTARq3cGjyRiIunsopZv4QMmX3T5Hs17QoPAzdYxfg==",
      "requires": {
        "typechecker": "^6.2.0"
      }
    },
    "editions": {
      "version": "2.3.0",
      "resolved": "https://registry.npmjs.org/editions/-/editions-2.3.0.tgz",
      "integrity": "sha512-jeXYwHPKbitU1l14dWlsl5Nm+b1Hsm7VX73BsrQ4RVwEcAQQIPFHTZAbVtuIGxZBrpdT2FXd8lbtrNBrzZxIsA==",
      "requires": {
        "errlop": "^2.0.0",
        "semver": "^6.3.0"
      }
    },
    "errlop": {
      "version": "2.0.0",
      "resolved": "https://registry.npmjs.org/errlop/-/errlop-2.0.0.tgz",
      "integrity": "sha512-z00WIrQhtOMUnjdTG0O4f6hMG64EVccVDBy2WwgjcF8S4UB1exGYuc2OFwmdQmsJwLQVEIHWHPCz/omXXgAZHw=="
    },
    "exec-sh": {
      "version": "0.2.2",
      "resolved": "https://registry.npmjs.org/exec-sh/-/exec-sh-0.2.2.tgz",
      "integrity": "sha512-FIUCJz1RbuS0FKTdaAafAByGS0CPvU3R0MeHxgtl+djzCc//F8HakL8GzmVNZanasTbTAY/3DRFA0KpVqj/eAw==",
      "requires": {
        "merge": "^1.2.0"
      }
    },
    "extendr": {
      "version": "4.3.0",
      "resolved": "https://registry.npmjs.org/extendr/-/extendr-4.3.0.tgz",
      "integrity": "sha512-dItKsxlvr88XmYDHehqN6eVX3DPxLAqj5nyAGsaSqJ74jyvStEg5LV2bT84w/+TiI/eXuevZqbYPrqGRFKSaTw==",
      "requires": {
        "typechecker": "^6.2.0"
      }
    },
    "extract-opts": {
      "version": "4.3.0",
      "resolved": "https://registry.npmjs.org/extract-opts/-/extract-opts-4.3.0.tgz",
      "integrity": "sha512-Dmssi1tgKJkQsVmbP7TgW/kbdc42SAsNf6h9ClweP+dS7O24YYMTXsNwPelxhx0LF15npiWwY5ahKtyQiNgxWA==",
      "requires": {
        "eachr": "^4.5.0",
        "typechecker": "^6.2.0"
      }
    },
    "fill-range": {
      "version": "7.0.1",
      "resolved": "https://registry.npmjs.org/fill-range/-/fill-range-7.0.1.tgz",
      "integrity": "sha512-qOo9F+dMUmC2Lcb4BbVvnKJxTPjCm+RRpe4gDuGrzkL7mEVl/djYSu2OdQ2Pa302N4oqkSg9ir6jaLWJ2USVpQ==",
      "requires": {
        "to-regex-range": "^5.0.1"
      }
    },
    "glob-parent": {
      "version": "5.1.0",
      "resolved": "https://registry.npmjs.org/glob-parent/-/glob-parent-5.1.0.tgz",
      "integrity": "sha512-qjtRgnIVmOfnKUE3NJAQEdk+lKrxfw8t5ke7SXtfMTHcjsBfOfWXCQfdb30zfDoZQ2IRSIiidmjtbHZPZ++Ihw==",
      "requires": {
        "is-glob": "^4.0.1"
      }
    },
    "graceful-fs": {
      "version": "4.2.3",
      "resolved": "https://registry.npmjs.org/graceful-fs/-/graceful-fs-4.2.3.tgz",
      "integrity": "sha512-a30VEBm4PEdx1dRB7MFK7BejejvCvBronbLjht+sHuGYj8PHs7M/5Z+rt5lw551vZ7yfTCj4Vuyy3mSJytDWRQ=="
    },
    "ignorefs": {
      "version": "2.3.0",
      "resolved": "https://registry.npmjs.org/ignorefs/-/ignorefs-2.3.0.tgz",
      "integrity": "sha512-ptPMw12KUmf46YwP/vy5BYlHLmTwlBg7CYOI+CvOif5TxZYmwXccVEPwNqB/Um7U6r1gWU99CryP/hvxfxlMsQ==",
      "requires": {
        "ignorepatterns": "^2.2.0"
      }
    },
    "ignorepatterns": {
      "version": "2.3.0",
      "resolved": "https://registry.npmjs.org/ignorepatterns/-/ignorepatterns-2.3.0.tgz",
      "integrity": "sha512-x+t4C8E3hHJ1L1TsGFyAnt2+PLWndL/esgeQaxDKTOZJTaBx1bMu3PVfZA3UdyLa7FJXTVlc1YyJlh5Y4L+pXw=="
    },
    "is-binary-path": {
      "version": "2.1.0",
      "resolved": "https://registry.npmjs.org/is-binary-path/-/is-binary-path-2.1.0.tgz",
      "integrity": "sha512-ZMERYes6pDydyuGidse7OsHxtbI7WVeUEozgR/g7rd0xUimYNlvZRE/K2MgZTjWy725IfelLeVcEM97mmtRGXw==",
      "requires": {
        "binary-extensions": "^2.0.0"
      }
    },
    "is-extglob": {
      "version": "2.1.1",
      "resolved": "https://registry.npmjs.org/is-extglob/-/is-extglob-2.1.1.tgz",
      "integrity": "sha1-qIwCU1eR8C7TfHahueqXc8gz+MI="
    },
    "is-glob": {
      "version": "4.0.1",
      "resolved": "https://registry.npmjs.org/is-glob/-/is-glob-4.0.1.tgz",
      "integrity": "sha512-5G0tKtBTFImOqDnLB2hG6Bp2qcKEFduo4tZu9MT/H6NQv/ghhy30o55ufafxJ/LdH79LLs2Kfrn85TLKyA7BUg==",
      "requires": {
        "is-extglob": "^2.1.1"
      }
    },
    "is-number": {
      "version": "7.0.0",
      "resolved": "https://registry.npmjs.org/is-number/-/is-number-7.0.0.tgz",
      "integrity": "sha512-41Cifkg6e8TylSpdtTpeLVMqvSBEVzTttHvERD741+pnZ8ANv0004MRL43QKPDlK9cGvNp6NZWZUBlbGXYxxng=="
    },
    "merge": {
      "version": "1.2.1",
      "resolved": "https://registry.npmjs.org/merge/-/merge-1.2.1.tgz",
      "integrity": "sha512-VjFo4P5Whtj4vsLzsYBu5ayHhoHJ0UqNm7ibvShmbmoz7tGi0vXaoJbGdB+GmDMLUdg8DpQXEIeVDAe8MaABvQ=="
    },
    "minimist": {
      "version": "1.2.5",
      "resolved": "https://registry.npmjs.org/minimist/-/minimist-1.2.5.tgz",
      "integrity": "sha512-FM9nNUYrRBAELZQT3xeZQ7fmMOBg6nWNmJKTcgsJeaLstP/UODVpGsr5OhXhhXg6f+qtJ8uiZ+PUxkDWcgIXLw=="
    },
    "normalize-path": {
      "version": "3.0.0",
      "resolved": "https://registry.npmjs.org/normalize-path/-/normalize-path-3.0.0.tgz",
      "integrity": "sha512-6eZs5Ls3WtCisHWp9S2GUy8dqkpGi4BVSz3GaqiE6ezub0512ESztXUwUB6C6IKbQkY2Pnb/mD4WYojCRwcwLA=="
    },
    "picomatch": {
      "version": "2.2.1",
      "resolved": "https://registry.npmjs.org/picomatch/-/picomatch-2.2.1.tgz",
      "integrity": "sha512-ISBaA8xQNmwELC7eOjqFKMESB2VIqt4PPDD0nsS95b/9dZXvVKOlz9keMSnoGGKcOHXfTvDD6WMaRoSc9UuhRA=="
    },
    "readdir-cluster": {
      "version": "2.3.0",
      "resolved": "https://registry.npmjs.org/readdir-cluster/-/readdir-cluster-2.3.0.tgz",
      "integrity": "sha512-8xT0yWJ5WHHN5BfZ0d+P5y6A8p24sEfD8JTDdxida+oPKBvDYWoXwkDZ79nzGpDsxwEf7L4cGJQEhw9sUb21Bw=="
    },
    "readdirp": {
      "version": "3.3.0",
      "resolved": "https://registry.npmjs.org/readdirp/-/readdirp-3.3.0.tgz",
      "integrity": "sha512-zz0pAkSPOXXm1viEwygWIPSPkcBYjW1xU5j/JBh5t9bGCJwa6f9+BJa6VaB2g+b55yVrmXzqkyLf4xaWYM0IkQ==",
      "requires": {
        "picomatch": "^2.0.7"
      }
    },
    "safefs": {
      "version": "5.5.0",
      "resolved": "https://registry.npmjs.org/safefs/-/safefs-5.5.0.tgz",
      "integrity": "sha512-I8wa7h8Z9OpyULYkEiQoUEtAvPOlsvmYSmD2PD0hVUs4Hhr5BHor8NDSg3qWikIba0+yz3xww0IrLvzCstYVFQ==",
      "requires": {
        "graceful-fs": "^4.2.3"
      }
    },
    "safeps": {
      "version": "9.3.0",
      "resolved": "https://registry.npmjs.org/safeps/-/safeps-9.3.0.tgz",
      "integrity": "sha512-yrrv0AO4j3+ULwUy8OfbnbtPZCHTfcfDIh3TMzHcqgfX+WWYHGPobbLlEviDHeSk7T8uG3lDr02U+z1vp6SVYQ==",
      "requires": {
        "extract-opts": "^4.3.0",
        "safefs": "^5.4.0",
        "taskgroup": "^6.4.0",
        "typechecker": "^6.2.0"
      }
    },
    "scandirectory": {
      "version": "5.3.0",
      "resolved": "https://registry.npmjs.org/scandirectory/-/scandirectory-5.3.0.tgz",
      "integrity": "sha512-hfb4aTGE1c1jtp3vVYO3pcWndaO31XwmGNdX2T8WHbSLZvXMKiOon7CF49LDlqTQIm367RHuJJPay+2Hd6vNTA==",
      "requires": {
        "ignorefs": "^2.3.0",
        "readdir-cluster": "^2.3.0"
      }
    },
    "semver": {
      "version": "6.3.0",
      "resolved": "https://registry.npmjs.org/semver/-/semver-6.3.0.tgz",
      "integrity": "sha512-b39TBaTSfV6yBrapU89p5fKekE2m/NwnDocOVruQFS1/veMgdzuPcnOM34M6CwxW8jH/lxEa5rBoDeUwu5HHTw=="
    },
    "taskgroup": {
      "version": "6.5.0",
      "resolved": "https://registry.npmjs.org/taskgroup/-/taskgroup-6.5.0.tgz",
      "integrity": "sha512-7ZWRY392GRgEld1as3Zo4gt1p0m8yeyPlAEJ01wyupurGmrXKqTT0Vkz5WhToDE2H99Y6tVXM9X6EILq8zumTg==",
      "requires": {
        "ambi": "3.2.0",
        "eachr": "^4.5.0",
        "extendr": "^4.3.0",
        "safeps": "^9.3.0",
        "unbounded": "^2.2.0"
      }
    },
    "to-regex-range": {
      "version": "5.0.1",
      "resolved": "https://registry.npmjs.org/to-regex-range/-/to-regex-range-5.0.1.tgz",
      "integrity": "sha512-65P7iz6X5yEr1cwcgvQxbbIw7Uk3gOy5dIdtZ4rDveLqhrdJP+Li/Hx6tyK0NEb+2GCyneCMJiGqrADCSNk8sQ==",
      "requires": {
        "is-number": "^7.0.0"
      }
    },
    "typechecker": {
      "version": "6.3.0",
      "resolved": "https://registry.npmjs.org/typechecker/-/typechecker-6.3.0.tgz",
      "integrity": "sha512-XZmZISfAzrzGHaC2nAwXyh/O1srpTIw/sFS5K0wGRIoWgc+bpGXJLkpI5VoZg9+2SwV6tFIS3WCb3l0bNitLag=="
    },
    "unbounded": {
      "version": "2.3.0",
      "resolved": "https://registry.npmjs.org/unbounded/-/unbounded-2.3.0.tgz",
      "integrity": "sha512-gjT7NZ8g29UDlB1nrFVLWs1A2tRP3rSyCdvX2Vu185SI1PGmhjcxaCfVh64Oaz6rKBCrXwhTQD56/m+ox4FPKA=="
    },
    "watch": {
      "version": "1.0.2",
      "resolved": "https://registry.npmjs.org/watch/-/watch-1.0.2.tgz",
      "integrity": "sha1-NApxe952Vyb6CqB9ch4BR6VR3ww=",
      "requires": {
        "exec-sh": "^0.2.0",
        "minimist": "^1.2.0"
      }
    },
    "watchr": {
      "version": "5.6.0",
      "resolved": "https://registry.npmjs.org/watchr/-/watchr-5.6.0.tgz",
      "integrity": "sha512-ZgK6+tXtjXwSuN6cqCE7j43h8po7Od02r8r1eHo4IzHE69N6cEqD6Vhp3F3fRQF3DO5+tsKbMTAUF5a80+1cDw==",
      "requires": {
        "eachr": "^4.5.0",
        "extendr": "^4.3.0",
        "ignorefs": "^2.3.0",
        "safefs": "^5.5.0",
        "scandirectory": "^5.3.0",
        "taskgroup": "^6.5.0"
      }
    }
  }
}
